# This file was autogenerated by Stack.
# You should not edit this file by hand.
# For more information, please see the documentation at:
#   https://docs.haskellstack.org/en/stable/lock_files

packages:
- completed:
    hackage: snappy-framing-0.1.2@sha256:68c8f44e7b1e04d0342b83bae62f390350875bc4fcf4c203c0ad012323508f64,1196
    pantry-tree:
      size: 353
      sha256: ea6264bffff23359dabd83d38f58247277c20a0b669779c0a76c3cf5f79d9234
  original:
    hackage: snappy-framing-0.1.2
- completed:
    hackage: snappy-0.2.0.2@sha256:2931b03c5fdab2dac8d7eadb3be2f4ef8906666e43f1f1db65a06efd57ea701b,1591
    pantry-tree:
      size: 709
      sha256: cd05c6ddfbbd3969adab3869d38d161e5ec8e72b1a72e00ca08f5e39538368cf
  original:
    hackage: snappy-0.2.0.2
snapshots:
- completed:
    size: 494638
    url: https://raw.githubusercontent.com/commercialhaskell/stackage-snapshots/master/lts/15/11.yaml
    sha256: 5747328cdcbb8fe9c96fc048b5566167c80dd176a41b52d3b363058e3cc1dc5d
  original: lts-15.11
